
Microsoft Visual Studio Solution File, Format Version 12.00
Project("{FAE04EC0-301F-11D3-BF4B-00C04F79EFBC}") = "DynamicDLLLoader", "DynamicDLLLoader\DynamicDLLLoader.csproj", "{0D19247E-FE11-4F0D-915D-6CA1921A7542}"
EndProject
Global
	GlobalSection(SolutionConfigurationPlatforms) = preSolution
		Debug|Any CPU = Debug|Any CPU
		Release|Any CPU = Release|Any CPU
	EndGlobalSection
	GlobalSection(ProjectConfigurationPlatforms) = postSolution
		{0D19247E-FE11-4F0D-915D-6CA1921A7542}.Debug|Any CPU.ActiveCfg = Debug|Any CPU
		{0D19247E-FE11-4F0D-915D-6CA1921A7542}.Debug|Any CPU.Build.0 = Debug|Any CPU
		{0D19247E-FE11-4F0D-915D-6CA1921A7542}.Release|Any CPU.ActiveCfg = Release|Any CPU
		{0D19247E-FE11-4F0D-915D-6CA1921A7542}.Release|Any CPU.Build.0 = Release|Any CPU
	EndGlobalSection
EndGlobal
